
Microsoft Visual Studio Solution File, Format Version 12.00
# Visual Studio Version 17
VisualStudioVersion = 17.5.002.0
MinimumVisualStudioVersion = 10.0.40219.1
Project("{9A19103F-16F7-4668-BE54-9A1E7A4F7556}") = "Calculator", "Calculator.csproj", "{1AE6525F-C889-4B4D-B8BA-0EAB0E0BC0BB}"
EndProject
Global
	GlobalSection(SolutionConfigurationPlatforms) = preSolution
		Debug|Any CPU = Debug|Any CPU
		Release|Any CPU = Release|Any CPU
	EndGlobalSection
	GlobalSection(ProjectConfigurationPlatforms) = postSolution
		{1AE6525F-C889-4B4D-B8BA-0EAB0E0BC0BB}.Debug|Any CPU.ActiveCfg = Debug|Any CPU
		{1AE6525F-C889-4B4D-B8BA-0EAB0E0BC0BB}.Debug|Any CPU.Build.0 = Debug|Any CPU
		{1AE6525F-C889-4B4D-B8BA-0EAB0E0BC0BB}.Release|Any CPU.ActiveCfg = Release|Any CPU
		{1AE6525F-C889-4B4D-B8BA-0EAB0E0BC0BB}.Release|Any CPU.Build.0 = Release|Any CPU
	EndGlobalSection
	GlobalSection(SolutionProperties) = preSolution
		HideSolutionNode = FALSE
	EndGlobalSection
	GlobalSection(ExtensibilityGlobals) = postSolution
		SolutionGuid = {80E30746-24CE-4CBD-B98E-788C841DA735}
	EndGlobalSection
EndGlobal
